// !$*UTF8*$!
{
	archiveVersion = 1;
	classes = {
	};
	objectVersion = 50;
	objects = {

/* Begin PBXBuildFile section */
		29FD574E24A1D11C00921CB1 /* AppDelegate.swift in Sources */ = {isa = PBXBuildFile; fileRef = 29FD574D24A1D11C00921CB1 /* AppDelegate.swift */; };
		29FD575024A1D11C00921CB1 /* SceneDelegate.swift in Sources */ = {isa = PBXBuildFile; fileRef = 29FD574F24A1D11C00921CB1 /* SceneDelegate.swift */; };
		29FD575224A1D11C00921CB1 /* ViewController.swift in Sources */ = {isa = PBXBuildFile; fileRef = 29FD575124A1D11C00921CB1 /* ViewController.swift */; };
		29FD575524A1D11C00921CB1 /* Main.storyboard in Resources */ = {isa = PBXBuildFile; fileRef = 29FD575324A1D11C00921CB1 /* Main.storyboard */; };
		29FD575824A1D11C00921CB1 /* DemoRxSwift.xcdatamodeld in Sources */ = {isa = PBXBuildFile; fileRef = 29FD575624A1D11C00921CB1 /* DemoRxSwift.xcdatamodeld */; };
		29FD575A24A1D12000921CB1 /* Assets.xcassets in Resources */ = {isa = PBXBuildFile; fileRef = 29FD575924A1D12000921CB1 /* Assets.xcassets */; };
		29FD575D24A1D12000921CB1 /* LaunchScreen.storyboard in Resources */ = {isa = PBXBuildFile; fileRef = 29FD575B24A1D12000921CB1 /* LaunchScreen.storyboard */; };
		29FD576824A1D12000921CB1 /* DemoRxSwiftTests.swift in Sources */ = {isa = PBXBuildFile; fileRef = 29FD576724A1D12000921CB1 /* DemoRxSwiftTests.swift */; };
		29FD577324A1D12000921CB1 /* DemoRxSwiftUITests.swift in Sources */ = {isa = PBXBuildFile; fileRef = 29FD577224A1D12000921CB1 /* DemoRxSwiftUITests.swift */; };
		29FD578224A1D37E00921CB1 /* OneViewController.swift in Sources */ = {isa = PBXBuildFile; fileRef = 29FD578024A1D37E00921CB1 /* OneViewController.swift */; };
		29FD578324A1D37E00921CB1 /* OneViewController.xib in Resources */ = {isa = PBXBuildFile; fileRef = 29FD578124A1D37E00921CB1 /* OneViewController.xib */; };
		29FD578624A1D38C00921CB1 /* TwoViewController.swift in Sources */ = {isa = PBXBuildFile; fileRef = 29FD578424A1D38C00921CB1 /* TwoViewController.swift */; };
		29FD578724A1D38C00921CB1 /* TwoViewController.xib in Resources */ = {isa = PBXBuildFile; fileRef = 29FD578524A1D38C00921CB1 /* TwoViewController.xib */; };
/* End PBXBuildFile section */

/* Begin PBXContainerItemProxy section */
		29FD576424A1D12000921CB1 /* PBXContainerItemProxy */ = {
			isa = PBXContainerItemProxy;
			containerPortal = 29FD574224A1D11C00921CB1 /* Project object */;
			proxyType = 1;
			remoteGlobalIDString = 29FD574924A1D11C00921CB1;
			remoteInfo = DemoRxSwift;
		};
		29FD576F24A1D12000921CB1 /* PBXContainerItemProxy */ = {
			isa = PBXContainerItemProxy;
			containerPortal = 29FD574224A1D11C00921CB1 /* Project object */;
			proxyType = 1;
			remoteGlobalIDString = 29FD574924A1D11C00921CB1;
			remoteInfo = DemoRxSwift;
		};
/* End PBXContainerItemProxy section */

/* Begin PBXFileReference section */
		29FD574A24A1D11C00921CB1 /* DemoRxSwift.app */ = {isa = PBXFileReference; explicitFileType = wrapper.application; includeInIndex = 0; path = DemoRxSwift.app; sourceTree = BUILT_PRODUCTS_DIR; };
		29FD574D24A1D11C00921CB1 /* AppDelegate.swift */ = {isa = PBXFileReference; lastKnownFileType = sourcecode.swift; path = AppDelegate.swift; sourceTree = "<group>"; };
		29FD574F24A1D11C00921CB1 /* SceneDelegate.swift */ = {isa = PBXFileReference; lastKnownFileType = sourcecode.swift; path = SceneDelegate.swift; sourceTree = "<group>"; };
		29FD575124A1D11C00921CB1 /* ViewController.swift */ = {isa = PBXFileReference; lastKnownFileType = sourcecode.swift; path = ViewController.swift; sourceTree = "<group>"; };
		29FD575424A1D11C00921CB1 /* Base */ = {isa = PBXFileReference; lastKnownFileType = file.storyboard; name = Base; path = Base.lproj/Main.storyboard; sourceTree = "<group>"; };
		29FD575724A1D11C00921CB1 /* DemoRxSwift.xcdatamodel */ = {isa = PBXFileReference; lastKnownFileType = wrapper.xcdatamodel; path = DemoRxSwift.xcdatamodel; sourceTree = "<group>"; };
		29FD575924A1D12000921CB1 /* Assets.xcassets */ = {isa = PBXFileReference; lastKnownFileType = folder.assetcatalog; path = Assets.xcassets; sourceTree = "<group>"; };
		29FD575C24A1D12000921CB1 /* Base */ = {isa = PBXFileReference; lastKnownFileType = file.storyboard; name = Base; path = Base.lproj/LaunchScreen.storyboard; sourceTree = "<group>"; };
		29FD575E24A1D12000921CB1 /* Info.plist */ = {isa = PBXFileReference; lastKnownFileType = text.plist.xml; path = Info.plist; sourceTree = "<group>"; };
		29FD576324A1D12000921CB1 /* DemoRxSwiftTests.xctest */ = {isa = PBXFileReference; explicitFileType = wrapper.cfbundle; includeInIndex = 0; path = DemoRxSwiftTests.xctest; sourceTree = BUILT_PRODUCTS_DIR; };
		29FD576724A1D12000921CB1 /* DemoRxSwiftTests.swift */ = {isa = PBXFileReference; lastKnownFileType = sourcecode.swift; path = DemoRxSwiftTests.swift; sourceTree = "<group>"; };
		29FD576924A1D12000921CB1 /* Info.plist */ = {isa = PBXFileReference; lastKnownFileType = text.plist.xml; path = Info.plist; sourceTree = "<group>"; };
		29FD576E24A1D12000921CB1 /* DemoRxSwiftUITests.xctest */ = {isa = PBXFileReference; explicitFileType = wrapper.cfbundle; includeInIndex = 0; path = DemoRxSwiftUITests.xctest; sourceTree = BUILT_PRODUCTS_DIR; };
		29FD577224A1D12000921CB1 /* DemoRxSwiftUITests.swift */ = {isa = PBXFileReference; lastKnownFileType = sourcecode.swift; path = DemoRxSwiftUITests.swift; sourceTree = "<group>"; };
		29FD577424A1D12000921CB1 /* Info.plist */ = {isa = PBXFileReference; lastKnownFileType = text.plist.xml; path = Info.plist; sourceTree = "<group>"; };
		29FD578024A1D37E00921CB1 /* OneViewController.swift */ = {isa = PBXFileReference; lastKnownFileType = sourcecode.swift; path = OneViewController.swift; sourceTree = "<group>"; };
		29FD578124A1D37E00921CB1 /* OneViewController.xib */ = {isa = PBXFileReference; lastKnownFileType = file.xib; path = OneViewController.xib; sourceTree = "<group>"; };
		29FD578424A1D38C00921CB1 /* TwoViewController.swift */ = {isa = PBXFileReference; lastKnownFileType = sourcecode.swift; path = TwoViewController.swift; sourceTree = "<group>"; };
		29FD578524A1D38C00921CB1 /* TwoViewController.xib */ = {isa = PBXFileReference; lastKnownFileType = file.xib; path = TwoViewController.xib; sourceTree = "<group>"; };
/* End PBXFileReference section */

/* Begin PBXFrameworksBuildPhase section */
		29FD574724A1D11C00921CB1 /* Frameworks */ = {
			isa = PBXFrameworksBuildPhase;
			buildActionMask = 2147483647;
			files = (
			);
			runOnlyForDeploymentPostprocessing = 0;
		};
		29FD576024A1D12000921CB1 /* Frameworks */ = {
			isa = PBXFrameworksBuildPhase;
			buildActionMask = 2147483647;
			files = (
			);
			runOnlyForDeploymentPostprocessing = 0;
		};
		29FD576B24A1D12000921CB1 /* Frameworks */ = {
			isa = PBXFrameworksBuildPhase;
			buildActionMask = 2147483647;
			files = (
			);
			runOnlyForDeploymentPostprocessing = 0;
		};
/* End PBXFrameworksBuildPhase section */

/* Begin PBXGroup section */
		29FD574124A1D11C00921CB1 = {
			isa = PBXGroup;
			children = (
				29FD574C24A1D11C00921CB1 /* DemoRxSwift */,
				29FD576624A1D12000921CB1 /* DemoRxSwiftTests */,
				29FD577124A1D12000921CB1 /* DemoRxSwiftUITests */,
				29FD574B24A1D11C00921CB1 /* Products */,
			);
			sourceTree = "<group>";
		};
		29FD574B24A1D11C00921CB1 /* Products */ = {
			isa = PBXGroup;
			children = (
				29FD574A24A1D11C00921CB1 /* DemoRxSwift.app */,
				29FD576324A1D12000921CB1 /* DemoRxSwiftTests.xctest */,
				29FD576E24A1D12000921CB1 /* DemoRxSwiftUITests.xctest */,
			);
			name = Products;
			sourceTree = "<group>";
		};
		29FD574C24A1D11C00921CB1 /* DemoRxSwift */ = {
			isa = PBXGroup;
			children = (
				29FD574D24A1D11C00921CB1 /* AppDelegate.swift */,
				29FD574F24A1D11C00921CB1 /* SceneDelegate.swift */,
				29FD575124A1D11C00921CB1 /* ViewController.swift */,
				29FD575324A1D11C00921CB1 /* Main.storyboard */,
				29FD575924A1D12000921CB1 /* Assets.xcassets */,
				29FD575B24A1D12000921CB1 /* LaunchScreen.storyboard */,
				29FD575E24A1D12000921CB1 /* Info.plist */,
				29FD575624A1D11C00921CB1 /* DemoRxSwift.xcdatamodeld */,
				29FD578024A1D37E00921CB1 /* OneViewController.swift */,
				29FD578124A1D37E00921CB1 /* OneViewController.xib */,
				29FD578424A1D38C00921CB1 /* TwoViewController.swift */,
				29FD578524A1D38C00921CB1 /* TwoViewController.xib */,
			);
			path = DemoRxSwift;
			sourceTree = "<group>";
		};
		29FD576624A1D12000921CB1 /* DemoRxSwiftTests */ = {
			isa = PBXGroup;
			children = (
				29FD576724A1D12000921CB1 /* DemoRxSwiftTests.swift */,
				29FD576924A1D12000921CB1 /* Info.plist */,
			);
			path = DemoRxSwiftTests;
			sourceTree = "<group>";
		};
		29FD577124A1D12000921CB1 /* DemoRxSwiftUITests */ = {
			isa = PBXGroup;
			children = (
				29FD577224A1D12000921CB1 /* DemoRxSwiftUITests.swift */,
				29FD577424A1D12000921CB1 /* Info.plist */,
			);
			path = DemoRxSwiftUITests;
			sourceTree = "<group>";
		};
/* End PBXGroup section */

/* Begin PBXNativeTarget section */
		29FD574924A1D11C00921CB1 /* DemoRxSwift */ = {
			isa = PBXNativeTarget;
			buildConfigurationList = 29FD577724A1D12000921CB1 /* Build configuration list for PBXNativeTarget "DemoRxSwift" */;
			buildPhases = (
				29FD574624A1D11C00921CB1 /* Sources */,
				29FD574724A1D11C00921CB1 /* Frameworks */,
				29FD574824A1D11C00921CB1 /* Resources */,
			);
			buildRules = (
			);
			dependencies = (
			);
			name = DemoRxSwift;
			productName = DemoRxSwift;
			productReference = 29FD574A24A1D11C00921CB1 /* DemoRxSwift.app */;
			productType = "com.apple.product-type.application";
		};
		29FD576224A1D12000921CB1 /* DemoRxSwiftTests */ = {
			isa = PBXNativeTarget;
			buildConfigurationList = 29FD577A24A1D12000921CB1 /* Build configuration list for PBXNativeTarget "DemoRxSwiftTests" */;
			buildPhases = (
				29FD575F24A1D12000921CB1 /* Sources */,
				29FD576024A1D12000921CB1 /* Frameworks */,
				29FD576124A1D12000921CB1 /* Resources */,
			);
			buildRules = (
			);
			dependencies = (
				29FD576524A1D12000921CB1 /* PBXTargetDependency */,
			);
			name = DemoRxSwiftTests;
			productName = DemoRxSwiftTests;
			productReference = 29FD576324A1D12000921CB1 /* DemoRxSwiftTests.xctest */;
			productType = "com.apple.product-type.bundle.unit-test";
		};
		29FD576D24A1D12000921CB1 /* DemoRxSwiftUITests */ = {
			isa = PBXNativeTarget;
			buildConfigurationList = 29FD577D24A1D12000921CB1 /* Build configuration list for PBXNativeTarget "DemoRxSwiftUITests" */;
			buildPhases = (
				29FD576A24A1D12000921CB1 /* Sources */,
				29FD576B24A1D12000921CB1 /* Frameworks */,
				29FD576C24A1D12000921CB1 /* Resources */,
			);
			buildRules = (
			);
			dependencies = (
				29FD577024A1D12000921CB1 /* PBXTargetDependency */,
			);
			name = DemoRxSwiftUITests;
			productName = DemoRxSwiftUITests;
			productReference = 29FD576E24A1D12000921CB1 /* DemoRxSwiftUITests.xctest */;
			productType = "com.apple.product-type.bundle.ui-testing";
		};
/* End PBXNativeTarget section */

/* Begin PBXProject section */
		29FD574224A1D11C00921CB1 /* Project object */ = {
			isa = PBXProject;
			attributes = {
				LastSwiftUpdateCheck = 1140;
				LastUpgradeCheck = 1140;
				ORGANIZATIONNAME = megahertz;
				TargetAttributes = {
					29FD574924A1D11C00921CB1 = {
						CreatedOnToolsVersion = 11.4;
					};
					29FD576224A1D12000921CB1 = {
						CreatedOnToolsVersion = 11.4;
						TestTargetID = 29FD574924A1D11C00921CB1;
					};
					29FD576D24A1D12000921CB1 = {
						CreatedOnToolsVersion = 11.4;
						TestTargetID = 29FD574924A1D11C00921CB1;
					};
				};
			};
			buildConfigurationList = 29FD574524A1D11C00921CB1 /* Build configuration list for PBXProject "DemoRxSwift" */;
			compatibilityVersion = "Xcode 9.3";
			developmentRegion = en;
			hasScannedForEncodings = 0;
			knownRegions = (
				en,
				Base,
			);
			mainGroup = 29FD574124A1D11C00921CB1;
			productRefGroup = 29FD574B24A1D11C00921CB1 /* Products */;
			projectDirPath = "";
			projectRoot = "";
			targets = (
				29FD574924A1D11C00921CB1 /* DemoRxSwift */,
				29FD576224A1D12000921CB1 /* DemoRxSwiftTests */,
				29FD576D24A1D12000921CB1 /* DemoRxSwiftUITests */,
			);
		};
/* End PBXProject section */

/* Begin PBXResourcesBuildPhase section */
		29FD574824A1D11C00921CB1 /* Resources */ = {
			isa = PBXResourcesBuildPhase;
			buildActionMask = 2147483647;
			files = (
				29FD575D24A1D12000921CB1 /* LaunchScreen.storyboard in Resources */,
				29FD575A24A1D12000921CB1 /* Assets.xcassets in Resources */,
				29FD575524A1D11C00921CB1 /* Main.storyboard in Resources */,
				29FD578724A1D38C00921CB1 /* TwoViewController.xib in Resources */,
				29FD578324A1D37E00921CB1 /* OneViewController.xib in Resources */,
			);
			runOnlyForDeploymentPostprocessing = 0;
		};
		29FD576124A1D12000921CB1 /* Resources */ = {
			isa = PBXResourcesBuildPhase;
			buildActionMask = 2147483647;
			files = (
			);
			runOnlyForDeploymentPostprocessing = 0;
		};
		29FD576C24A1D12000921CB1 /* Resources */ = {
			isa = PBXResourcesBuildPhase;
			buildActionMask = 2147483647;
			files = (
			);
			runOnlyForDeploymentPostprocessing = 0;
		};
/* End PBXResourcesBuildPhase section */

/* Begin PBXSourcesBuildPhase section */
		29FD574624A1D11C00921CB1 /* Sources */ = {
			isa = PBXSourcesBuildPhase;
			buildActionMask = 2147483647;
			files = (
				29FD575824A1D11C00921CB1 /* DemoRxSwift.xcdatamodeld in Sources */,
				29FD578224A1D37E00921CB1 /* OneViewController.swift in Sources */,
				29FD575224A1D11C00921CB1 /* ViewController.swift in Sources */,
				29FD574E24A1D11C00921CB1 /* AppDelegate.swift in Sources */,
				29FD575024A1D11C00921CB1 /* SceneDelegate.swift in Sources */,
				29FD578624A1D38C00921CB1 /* TwoViewController.swift in Sources */,
			);
			runOnlyForDeploymentPostprocessing = 0;
		};
		29FD575F24A1D12000921CB1 /* Sources */ = {
			isa = PBXSourcesBuildPhase;
			buildActionMask = 2147483647;
			files = (
				29FD576824A1D12000921CB1 /* DemoRxSwiftTests.swift in Sources */,
			);
			runOnlyForDeploymentPostprocessing = 0;
		};
		29FD576A24A1D12000921CB1 /* Sources */ = {
			isa = PBXSourcesBuildPhase;
			buildActionMask = 2147483647;
			files = (
				29FD577324A1D12000921CB1 /* DemoRxSwiftUITests.swift in Sources */,
			);
			runOnlyForDeploymentPostprocessing = 0;
		};
/* End PBXSourcesBuildPhase section */

/* Begin PBXTargetDependency section */
		29FD576524A1D12000921CB1 /* PBXTargetDependency */ = {
			isa = PBXTargetDependency;
			target = 29FD574924A1D11C00921CB1 /* DemoRxSwift */;
			targetProxy = 29FD576424A1D12000921CB1 /* PBXContainerItemProxy */;
		};
		29FD577024A1D12000921CB1 /* PBXTargetDependency */ = {
			isa = PBXTargetDependency;
			target = 29FD574924A1D11C00921CB1 /* DemoRxSwift */;
			targetProxy = 29FD576F24A1D12000921CB1 /* PBXContainerItemProxy */;
		};
/* End PBXTargetDependency section */

/* Begin PBXVariantGroup section */
		29FD575324A1D11C00921CB1 /* Main.storyboard */ = {
			isa = PBXVariantGroup;
			children = (
				29FD575424A1D11C00921CB1 /* Base */,
			);
			name = Main.storyboard;
			sourceTree = "<group>";
		};
		29FD575B24A1D12000921CB1 /* LaunchScreen.storyboard */ = {
			isa = PBXVariantGroup;
			children = (
				29FD575C24A1D12000921CB1 /* Base */,
			);
			name = LaunchScreen.storyboard;
			sourceTree = "<group>";
		};
/* End PBXVariantGroup section */

/* Begin XCBuildConfiguration section */
		29FD577524A1D12000921CB1 /* Debug */ = {
			isa = XCBuildConfiguration;
			buildSettings = {
				ALWAYS_SEARCH_USER_PATHS = NO;
				CLANG_ANALYZER_NONNULL = YES;
				CLANG_ANALYZER_NUMBER_OBJECT_CONVERSION = YES_AGGRESSIVE;
				CLANG_CXX_LANGUAGE_STANDARD = "gnu++14";
				CLANG_CXX_LIBRARY = "libc++";
				CLANG_ENABLE_MODULES = YES;
				CLANG_ENABLE_OBJC_ARC = YES;
				CLANG_ENABLE_OBJC_WEAK = YES;
				CLANG_WARN_BLOCK_CAPTURE_AUTORELEASING = YES;
				CLANG_WARN_BOOL_CONVERSION = YES;
				CLANG_WARN_COMMA = YES;
				CLANG_WARN_CONSTANT_CONVERSION = YES;
				CLANG_WARN_DEPRECATED_OBJC_IMPLEMENTATIONS = YES;
				CLANG_WARN_DIRECT_OBJC_ISA_USAGE = YES_ERROR;
				CLANG_WARN_DOCUMENTATION_COMMENTS = YES;
				CLANG_WARN_EMPTY_BODY = YES;
				CLANG_WARN_ENUM_CONVERSION = YES;
				CLANG_WARN_INFINITE_RECURSION = YES;
				CLANG_WARN_INT_CONVERSION = YES;
				CLANG_WARN_NON_LITERAL_NULL_CONVERSION = YES;
				CLANG_WARN_OBJC_IMPLICIT_RETAIN_SELF = YES;
				CLANG_WARN_OBJC_LITERAL_CONVERSION = YES;
				CLANG_WARN_OBJC_ROOT_CLASS = YES_ERROR;
				CLANG_WARN_RANGE_LOOP_ANALYSIS = YES;
				CLANG_WARN_STRICT_PROTOTYPES = YES;
				CLANG_WARN_SUSPICIOUS_MOVE = YES;
				CLANG_WARN_UNGUARDED_AVAILABILITY = YES_AGGRESSIVE;
				CLANG_WARN_UNREACHABLE_CODE = YES;
				CLANG_WARN__DUPLICATE_METHOD_MATCH = YES;
				COPY_PHASE_STRIP = NO;
				DEBUG_INFORMATION_FORMAT = dwarf;
				ENABLE_STRICT_OBJC_MSGSEND = YES;
				ENABLE_TESTABILITY = YES;
				GCC_C_LANGUAGE_STANDARD = gnu11;
				GCC_DYNAMIC_NO_PIC = NO;
				GCC_NO_COMMON_BLOCKS = YES;
				GCC_OPTIMIZATION_LEVEL = 0;
				GCC_PREPROCESSOR_DEFINITIONS = (
					"DEBUG=1",
					"$(inherited)",
				);
				GCC_WARN_64_TO_32_BIT_CONVERSION = YES;
				GCC_WARN_ABOUT_RETURN_TYPE = YES_ERROR;
				GCC_WARN_UNDECLARED_SELECTOR = YES;
				GCC_WARN_UNINITIALIZED_AUTOS = YES_AGGRESSIVE;
				GCC_WARN_UNUSED_FUNCTION = YES;
				GCC_WARN_UNUSED_VARIABLE = YES;
				IPHONEOS_DEPLOYMENT_TARGET = 13.4;
				MTL_ENABLE_DEBUG_INFO = INCLUDE_SOURCE;
				MTL_FAST_MATH = YES;
				ONLY_ACTIVE_ARCH = YES;
				SDKROOT = iphoneos;
				SWIFT_ACTIVE_COMPILATION_CONDITIONS = DEBUG;
				SWIFT_OPTIMIZATION_LEVEL = "-Onone";
			};
			name = Debug;
		};
		29FD577624A1D12000921CB1 /* Release */ = {
			isa = XCBuildConfiguration;
			buildSettings = {
				ALWAYS_SEARCH_USER_PATHS = NO;
				CLANG_ANALYZER_NONNULL = YES;
				CLANG_ANALYZER_NUMBER_OBJECT_CONVERSION = YES_AGGRESSIVE;
				CLANG_CXX_LANGUAGE_STANDARD = "gnu++14";
				CLANG_CXX_LIBRARY = "libc++";
				CLANG_ENABLE_MODULES = YES;
				CLANG_ENABLE_OBJC_ARC = YES;
				CLANG_ENABLE_OBJC_WEAK = YES;
				CLANG_WARN_BLOCK_CAPTURE_AUTORELEASING = YES;
				CLANG_WARN_BOOL_CONVERSION = YES;
				CLANG_WARN_COMMA = YES;
				CLANG_WARN_CONSTANT_CONVERSION = YES;
				CLANG_WARN_DEPRECATED_OBJC_IMPLEMENTATIONS = YES;
				CLANG_WARN_DIRECT_OBJC_ISA_USAGE = YES_ERROR;
				CLANG_WARN_DOCUMENTATION_COMMENTS = YES;
				CLANG_WARN_EMPTY_BODY = YES;
				CLANG_WARN_ENUM_CONVERSION = YES;
				CLANG_WARN_INFINITE_RECURSION = YES;
				CLANG_WARN_INT_CONVERSION = YES;
				CLANG_WARN_NON_LITERAL_NULL_CONVERSION = YES;
				CLANG_WARN_OBJC_IMPLICIT_RETAIN_SELF = YES;
				CLANG_WARN_OBJC_LITERAL_CONVERSION = YES;
				CLANG_WARN_OBJC_ROOT_CLASS = YES_ERROR;
				CLANG_WARN_RANGE_LOOP_ANALYSIS = YES;
				CLANG_WARN_STRICT_PROTOTYPES = YES;
				CLANG_WARN_SUSPICIOUS_MOVE = YES;
				CLANG_WARN_UNGUARDED_AVAILABILITY = YES_AGGRESSIVE;
				CLANG_WARN_UNREACHABLE_CODE = YES;
				CLANG_WARN__DUPLICATE_METHOD_MATCH = YES;
				COPY_PHASE_STRIP = NO;
				DEBUG_INFORMATION_FORMAT = "dwarf-with-dsym";
				ENABLE_NS_ASSERTIONS = NO;
				ENABLE_STRICT_OBJC_MSGSEND = YES;
				GCC_C_LANGUAGE_STANDARD = gnu11;
				GCC_NO_COMMON_BLOCKS = YES;
				GCC_WARN_64_TO_32_BIT_CONVERSION = YES;
				GCC_WARN_ABOUT_RETURN_TYPE = YES_ERROR;
				GCC_WARN_UNDECLARED_SELECTOR = YES;
				GCC_WARN_UNINITIALIZED_AUTOS = YES_AGGRESSIVE;
				GCC_WARN_UNUSED_FUNCTION = YES;
				GCC_WARN_UNUSED_VARIABLE = YES;
				IPHONEOS_DEPLOYMENT_TARGET = 13.4;
				MTL_ENABLE_DEBUG_INFO = NO;
				MTL_FAST_MATH = YES;
				SDKROOT = iphoneos;
				SWIFT_COMPILATION_MODE = wholemodule;
				SWIFT_OPTIMIZATION_LEVEL = "-O";
				VALIDATE_PRODUCT = YES;
			};
			name = Release;
		};
		29FD577824A1D12000921CB1 /* Debug */ = {
			isa = XCBuildConfiguration;
			buildSettings = {
				ASSETCATALOG_COMPILER_APPICON_NAME = AppIcon;
				CODE_SIGN_STYLE = Automatic;
				DEVELOPMENT_TEAM = Y474RY5F54;
				INFOPLIST_FILE = DemoRxSwift/Info.plist;
				LD_RUNPATH_SEARCH_PATHS = (
					"$(inherited)",
					"@executable_path/Frameworks",
				);
				PRODUCT_BUNDLE_IDENTIFIER = megahertz.DemoRxSwift;
				PRODUCT_NAME = "$(TARGET_NAME)";
				SWIFT_VERSION = 5.0;
				TARGETED_DEVICE_FAMILY = "1,2";
			};
			name = Debug;
		};
		29FD577924A1D12000921CB1 /* Release */ = {
			isa = XCBuildConfiguration;
			buildSettings = {
				ASSETCATALOG_COMPILER_APPICON_NAME = AppIcon;
				CODE_SIGN_STYLE = Automatic;
				DEVELOPMENT_TEAM = Y474RY5F54;
				INFOPLIST_FILE = DemoRxSwift/Info.plist;
				LD_RUNPATH_SEARCH_PATHS = (
					"$(inherited)",
					"@executable_path/Frameworks",
				);
				PRODUCT_BUNDLE_IDENTIFIER = megahertz.DemoRxSwift;
				PRODUCT_NAME = "$(TARGET_NAME)";
				SWIFT_VERSION = 5.0;
				TARGETED_DEVICE_FAMILY = "1,2";
			};
			name = Release;
		};
		29FD577B24A1D12000921CB1 /* Debug */ = {
			isa = XCBuildConfiguration;
			buildSettings = {
				ALWAYS_EMBED_SWIFT_STANDARD_LIBRARIES = YES;
				BUNDLE_LOADER = "$(TEST_HOST)";
				CODE_SIGN_STYLE = Automatic;
				DEVELOPMENT_TEAM = Y474RY5F54;
				INFOPLIST_FILE = DemoRxSwiftTests/Info.plist;
				IPHONEOS_DEPLOYMENT_TARGET = 13.4;
				LD_RUNPATH_SEARCH_PATHS = (
					"$(inherited)",
					"@executable_path/Frameworks",
					"@loader_path/Frameworks",
				);
				PRODUCT_BUNDLE_IDENTIFIER = megahertz.DemoRxSwiftTests;
				PRODUCT_NAME = "$(TARGET_NAME)";
				SWIFT_VERSION = 5.0;
				TARGETED_DEVICE_FAMILY = "1,2";
				TEST_HOST = "$(BUILT_PRODUCTS_DIR)/DemoRxSwift.app/DemoRxSwift";
			};
			name = Debug;
		};
		29FD577C24A1D12000921CB1 /* Release */ = {
			isa = XCBuildConfiguration;
			buildSettings = {
				ALWAYS_EMBED_SWIFT_STANDARD_LIBRARIES = YES;
				BUNDLE_LOADER = "$(TEST_HOST)";
				CODE_SIGN_STYLE = Automatic;
				DEVELOPMENT_TEAM = Y474RY5F54;
				INFOPLIST_FILE = DemoRxSwiftTests/Info.plist;
				IPHONEOS_DEPLOYMENT_TARGET = 13.4;
				LD_RUNPATH_SEARCH_PATHS = (
					"$(inherited)",
					"@executable_path/Frameworks",
					"@loader_path/Frameworks",
				);
				PRODUCT_BUNDLE_IDENTIFIER = megahertz.DemoRxSwiftTests;
				PRODUCT_NAME = "$(TARGET_NAME)";
				SWIFT_VERSION = 5.0;
				TARGETED_DEVICE_FAMILY = "1,2";
				TEST_HOST = "$(BUILT_PRODUCTS_DIR)/DemoRxSwift.app/DemoRxSwift";
			};
			name = Release;
		};
		29FD577E24A1D12000921CB1 /* Debug */ = {
			isa = XCBuildConfiguration;
			buildSettings = {
				ALWAYS_EMBED_SWIFT_STANDARD_LIBRARIES = YES;
				CODE_SIGN_STYLE = Automatic;
				DEVELOPMENT_TEAM = Y474RY5F54;
				INFOPLIST_FILE = DemoRxSwiftUITests/Info.plist;
				LD_RUNPATH_SEARCH_PATHS = (
					"$(inherited)",
					"@executable_path/Frameworks",
					"@loader_path/Frameworks",
				);
				PRODUCT_BUNDLE_IDENTIFIER = megahertz.DemoRxSwiftUITests;
				PRODUCT_NAME = "$(TARGET_NAME)";
				SWIFT_VERSION = 5.0;
				TARGETED_DEVICE_FAMILY = "1,2";
				TEST_TARGET_NAME = DemoRxSwift;
			};
			name = Debug;
		};
		29FD577F24A1D12000921CB1 /* Release */ = {
			isa = XCBuildConfiguration;
			buildSettings = {
				ALWAYS_EMBED_SWIFT_STANDARD_LIBRARIES = YES;
				CODE_SIGN_STYLE = Automatic;
				DEVELOPMENT_TEAM = Y474RY5F54;
				INFOPLIST_FILE = DemoRxSwiftUITests/Info.plist;
				LD_RUNPATH_SEARCH_PATHS = (
					"$(inherited)",
					"@executable_path/Frameworks",
					"@loader_path/Frameworks",
				);
				PRODUCT_BUNDLE_IDENTIFIER = megahertz.DemoRxSwiftUITests;
				PRODUCT_NAME = "$(TARGET_NAME)";
				SWIFT_VERSION = 5.0;
				TARGETED_DEVICE_FAMILY = "1,2";
				TEST_TARGET_NAME = DemoRxSwift;
			};
			name = Release;
		};
/* End XCBuildConfiguration section */

/* Begin XCConfigurationList section */
		29FD574524A1D11C00921CB1 /* Build configuration list for PBXProject "DemoRxSwift" */ = {
			isa = XCConfigurationList;
			buildConfigurations = (
				29FD577524A1D12000921CB1 /* Debug */,
				29FD577624A1D12000921CB1 /* Release */,
			);
			defaultConfigurationIsVisible = 0;
			defaultConfigurationName = Release;
		};
		29FD577724A1D12000921CB1 /* Build configuration list for PBXNativeTarget "DemoRxSwift" */ = {
			isa = XCConfigurationList;
			buildConfigurations = (
				29FD577824A1D12000921CB1 /* Debug */,
				29FD577924A1D12000921CB1 /* Release */,
			);
			defaultConfigurationIsVisible = 0;
			defaultConfigurationName = Release;
		};
		29FD577A24A1D12000921CB1 /* Build configuration list for PBXNativeTarget "DemoRxSwiftTests" */ = {
			isa = XCConfigurationList;
			buildConfigurations = (
				29FD577B24A1D12000921CB1 /* Debug */,
				29FD577C24A1D12000921CB1 /* Release */,
			);
			defaultConfigurationIsVisible = 0;
			defaultConfigurationName = Release;
		};
		29FD577D24A1D12000921CB1 /* Build configuration list for PBXNativeTarget "DemoRxSwiftUITests" */ = {
			isa = XCConfigurationList;
			buildConfigurations = (
				29FD577E24A1D12000921CB1 /* Debug */,
				29FD577F24A1D12000921CB1 /* Release */,
			);
			defaultConfigurationIsVisible = 0;
			defaultConfigurationName = Release;
		};
/* End XCConfigurationList section */

/* Begin XCVersionGroup section */
		29FD575624A1D11C00921CB1 /* DemoRxSwift.xcdatamodeld */ = {
			isa = XCVersionGroup;
			children = (
				29FD575724A1D11C00921CB1 /* DemoRxSwift.xcdatamodel */,
			);
			currentVersion = 29FD575724A1D11C00921CB1 /* DemoRxSwift.xcdatamodel */;
			path = DemoRxSwift.xcdatamodeld;
			sourceTree = "<group>";
			versionGroupType = wrapper.xcdatamodel;
		};
/* End XCVersionGroup section */
	};
	rootObject = 29FD574224A1D11C00921CB1 /* Project object */;
}
